// !$*UTF8*$!
{
	archiveVersion = 1;
	classes = {
	};
	objectVersion = 56;
	objects = {

/* Begin PBXBuildFile section */
		8E3C36F4295A2F6100EA6ADC /* RickAndMortyFeed.framework in Frameworks */ = {isa = PBXBuildFile; fileRef = 8E3C36F3295A2F6100EA6ADC /* RickAndMortyFeed.framework */; };
		8E3C36F5295A2F6100EA6ADC /* RickAndMortyFeed.framework in Embed Frameworks */ = {isa = PBXBuildFile; fileRef = 8E3C36F3295A2F6100EA6ADC /* RickAndMortyFeed.framework */; settings = {ATTRIBUTES = (CodeSignOnCopy, RemoveHeadersOnCopy, ); }; };
		8E5D6ADC295AEF8D0044173F /* FeedUIComposer.swift in Sources */ = {isa = PBXBuildFile; fileRef = 8E5D6ADB295AEF8D0044173F /* FeedUIComposer.swift */; };
		8E5D6AEC295AF5BB0044173F /* RickAndMortyiOS.framework in Frameworks */ = {isa = PBXBuildFile; fileRef = 8E5D6AEB295AF5BB0044173F /* RickAndMortyiOS.framework */; };
		8E5D6AED295AF5BB0044173F /* RickAndMortyiOS.framework in Embed Frameworks */ = {isa = PBXBuildFile; fileRef = 8E5D6AEB295AF5BB0044173F /* RickAndMortyiOS.framework */; settings = {ATTRIBUTES = (CodeSignOnCopy, RemoveHeadersOnCopy, ); }; };
		8E5D6AF9295AF8260044173F /* FeedAdapter.swift in Sources */ = {isa = PBXBuildFile; fileRef = 8E5D6AF8295AF8260044173F /* FeedAdapter.swift */; };
		8E5D6AFC295AFB5D0044173F /* WeakRefVirtualProxy.swift in Sources */ = {isa = PBXBuildFile; fileRef = 8E5D6AFB295AFB5D0044173F /* WeakRefVirtualProxy.swift */; };
		8EBD09642958E82100767901 /* AppDelegate.swift in Sources */ = {isa = PBXBuildFile; fileRef = 8EBD09632958E82100767901 /* AppDelegate.swift */; };
		8EBD09662958E82100767901 /* SceneDelegate.swift in Sources */ = {isa = PBXBuildFile; fileRef = 8EBD09652958E82100767901 /* SceneDelegate.swift */; };
		8EBD09682958E82100767901 /* ViewController.swift in Sources */ = {isa = PBXBuildFile; fileRef = 8EBD09672958E82100767901 /* ViewController.swift */; };
		8EBD096B2958E82100767901 /* Main.storyboard in Resources */ = {isa = PBXBuildFile; fileRef = 8EBD09692958E82100767901 /* Main.storyboard */; };
		8EBD096D2958E82300767901 /* Assets.xcassets in Resources */ = {isa = PBXBuildFile; fileRef = 8EBD096C2958E82300767901 /* Assets.xcassets */; };
		8EBD09702958E82300767901 /* LaunchScreen.storyboard in Resources */ = {isa = PBXBuildFile; fileRef = 8EBD096E2958E82300767901 /* LaunchScreen.storyboard */; };
		8EBD097B2958E82300767901 /* RickAndMortyTests.swift in Sources */ = {isa = PBXBuildFile; fileRef = 8EBD097A2958E82300767901 /* RickAndMortyTests.swift */; };
		8EBD09852958E82300767901 /* RickAndMortyUITests.swift in Sources */ = {isa = PBXBuildFile; fileRef = 8EBD09842958E82300767901 /* RickAndMortyUITests.swift */; };
		8EBD09872958E82300767901 /* RickAndMortyUITestsLaunchTests.swift in Sources */ = {isa = PBXBuildFile; fileRef = 8EBD09862958E82300767901 /* RickAndMortyUITestsLaunchTests.swift */; };
/* End PBXBuildFile section */

/* Begin PBXContainerItemProxy section */
		8EBD09772958E82300767901 /* PBXContainerItemProxy */ = {
			isa = PBXContainerItemProxy;
			containerPortal = 8EBD09582958E82100767901 /* Project object */;
			proxyType = 1;
			remoteGlobalIDString = 8EBD095F2958E82100767901;
			remoteInfo = RickAndMorty;
		};
		8EBD09812958E82300767901 /* PBXContainerItemProxy */ = {
			isa = PBXContainerItemProxy;
			containerPortal = 8EBD09582958E82100767901 /* Project object */;
			proxyType = 1;
			remoteGlobalIDString = 8EBD095F2958E82100767901;
			remoteInfo = RickAndMorty;
		};
/* End PBXContainerItemProxy section */

/* Begin PBXCopyFilesBuildPhase section */
		8E3C36F6295A2F6100EA6ADC /* Embed Frameworks */ = {
			isa = PBXCopyFilesBuildPhase;
			buildActionMask = 2147483647;
			dstPath = "";
			dstSubfolderSpec = 10;
			files = (
				8E3C36F5295A2F6100EA6ADC /* RickAndMortyFeed.framework in Embed Frameworks */,
				8E5D6AED295AF5BB0044173F /* RickAndMortyiOS.framework in Embed Frameworks */,
			);
			name = "Embed Frameworks";
			runOnlyForDeploymentPostprocessing = 0;
		};
/* End PBXCopyFilesBuildPhase section */

/* Begin PBXFileReference section */
		8E3C36F3295A2F6100EA6ADC /* RickAndMortyFeed.framework */ = {isa = PBXFileReference; explicitFileType = wrapper.framework; path = RickAndMortyFeed.framework; sourceTree = BUILT_PRODUCTS_DIR; };
		8E5D6ADB295AEF8D0044173F /* FeedUIComposer.swift */ = {isa = PBXFileReference; lastKnownFileType = sourcecode.swift; path = FeedUIComposer.swift; sourceTree = "<group>"; };
		8E5D6ADD295AEF9D0044173F /* RickAndMortyiOS.framework */ = {isa = PBXFileReference; explicitFileType = wrapper.framework; path = RickAndMortyiOS.framework; sourceTree = BUILT_PRODUCTS_DIR; };
		8E5D6AEB295AF5BB0044173F /* RickAndMortyiOS.framework */ = {isa = PBXFileReference; explicitFileType = wrapper.framework; path = RickAndMortyiOS.framework; sourceTree = BUILT_PRODUCTS_DIR; };
		8E5D6AF8295AF8260044173F /* FeedAdapter.swift */ = {isa = PBXFileReference; lastKnownFileType = sourcecode.swift; path = FeedAdapter.swift; sourceTree = "<group>"; };
		8E5D6AFB295AFB5D0044173F /* WeakRefVirtualProxy.swift */ = {isa = PBXFileReference; lastKnownFileType = sourcecode.swift; path = WeakRefVirtualProxy.swift; sourceTree = "<group>"; };
		8EBD09602958E82100767901 /* RickAndMorty.app */ = {isa = PBXFileReference; explicitFileType = wrapper.application; includeInIndex = 0; path = RickAndMorty.app; sourceTree = BUILT_PRODUCTS_DIR; };
		8EBD09632958E82100767901 /* AppDelegate.swift */ = {isa = PBXFileReference; lastKnownFileType = sourcecode.swift; path = AppDelegate.swift; sourceTree = "<group>"; };
		8EBD09652958E82100767901 /* SceneDelegate.swift */ = {isa = PBXFileReference; lastKnownFileType = sourcecode.swift; path = SceneDelegate.swift; sourceTree = "<group>"; };
		8EBD09672958E82100767901 /* ViewController.swift */ = {isa = PBXFileReference; lastKnownFileType = sourcecode.swift; path = ViewController.swift; sourceTree = "<group>"; };
		8EBD096A2958E82100767901 /* Base */ = {isa = PBXFileReference; lastKnownFileType = file.storyboard; name = Base; path = Base.lproj/Main.storyboard; sourceTree = "<group>"; };
		8EBD096C2958E82300767901 /* Assets.xcassets */ = {isa = PBXFileReference; lastKnownFileType = folder.assetcatalog; path = Assets.xcassets; sourceTree = "<group>"; };
		8EBD096F2958E82300767901 /* Base */ = {isa = PBXFileReference; lastKnownFileType = file.storyboard; name = Base; path = Base.lproj/LaunchScreen.storyboard; sourceTree = "<group>"; };
		8EBD09712958E82300767901 /* Info.plist */ = {isa = PBXFileReference; lastKnownFileType = text.plist.xml; path = Info.plist; sourceTree = "<group>"; };
		8EBD09762958E82300767901 /* RickAndMortyTests.xctest */ = {isa = PBXFileReference; explicitFileType = wrapper.cfbundle; includeInIndex = 0; path = RickAndMortyTests.xctest; sourceTree = BUILT_PRODUCTS_DIR; };
		8EBD097A2958E82300767901 /* RickAndMortyTests.swift */ = {isa = PBXFileReference; lastKnownFileType = sourcecode.swift; path = RickAndMortyTests.swift; sourceTree = "<group>"; };
		8EBD09802958E82300767901 /* RickAndMortyUITests.xctest */ = {isa = PBXFileReference; explicitFileType = wrapper.cfbundle; includeInIndex = 0; path = RickAndMortyUITests.xctest; sourceTree = BUILT_PRODUCTS_DIR; };
		8EBD09842958E82300767901 /* RickAndMortyUITests.swift */ = {isa = PBXFileReference; lastKnownFileType = sourcecode.swift; path = RickAndMortyUITests.swift; sourceTree = "<group>"; };
		8EBD09862958E82300767901 /* RickAndMortyUITestsLaunchTests.swift */ = {isa = PBXFileReference; lastKnownFileType = sourcecode.swift; path = RickAndMortyUITestsLaunchTests.swift; sourceTree = "<group>"; };
/* End PBXFileReference section */

/* Begin PBXFrameworksBuildPhase section */
		8EBD095D2958E82100767901 /* Frameworks */ = {
			isa = PBXFrameworksBuildPhase;
			buildActionMask = 2147483647;
			files = (
				8E3C36F4295A2F6100EA6ADC /* RickAndMortyFeed.framework in Frameworks */,
				8E5D6AEC295AF5BB0044173F /* RickAndMortyiOS.framework in Frameworks */,
			);
			runOnlyForDeploymentPostprocessing = 0;
		};
		8EBD09732958E82300767901 /* Frameworks */ = {
			isa = PBXFrameworksBuildPhase;
			buildActionMask = 2147483647;
			files = (
			);
			runOnlyForDeploymentPostprocessing = 0;
		};
		8EBD097D2958E82300767901 /* Frameworks */ = {
			isa = PBXFrameworksBuildPhase;
			buildActionMask = 2147483647;
			files = (
			);
			runOnlyForDeploymentPostprocessing = 0;
		};
/* End PBXFrameworksBuildPhase section */

/* Begin PBXGroup section */
		8E3C36F2295A2F6100EA6ADC /* Frameworks */ = {
			isa = PBXGroup;
			children = (
				8E5D6AEB295AF5BB0044173F /* RickAndMortyiOS.framework */,
				8E5D6ADD295AEF9D0044173F /* RickAndMortyiOS.framework */,
				8E3C36F3295A2F6100EA6ADC /* RickAndMortyFeed.framework */,
			);
			name = Frameworks;
			sourceTree = "<group>";
		};
		8E3C36F7295A33DA00EA6ADC /* Feed */ = {
			isa = PBXGroup;
			children = (
				8E5D6ADB295AEF8D0044173F /* FeedUIComposer.swift */,
				8E5D6AF8295AF8260044173F /* FeedAdapter.swift */,
			);
			path = Feed;
			sourceTree = "<group>";
		};
		8E5D6AFA295AFB280044173F /* Helpers */ = {
			isa = PBXGroup;
			children = (
				8E5D6AFB295AFB5D0044173F /* WeakRefVirtualProxy.swift */,
			);
			path = Helpers;
			sourceTree = "<group>";
		};
		8EBD09572958E82100767901 = {
			isa = PBXGroup;
			children = (
				8EBD09622958E82100767901 /* RickAndMorty */,
				8EBD09792958E82300767901 /* RickAndMortyTests */,
				8EBD09832958E82300767901 /* RickAndMortyUITests */,
				8EBD09612958E82100767901 /* Products */,
				8E3C36F2295A2F6100EA6ADC /* Frameworks */,
			);
			sourceTree = "<group>";
		};
		8EBD09612958E82100767901 /* Products */ = {
			isa = PBXGroup;
			children = (
				8EBD09602958E82100767901 /* RickAndMorty.app */,
				8EBD09762958E82300767901 /* RickAndMortyTests.xctest */,
				8EBD09802958E82300767901 /* RickAndMortyUITests.xctest */,
			);
			name = Products;
			sourceTree = "<group>";
		};
		8EBD09622958E82100767901 /* RickAndMorty */ = {
			isa = PBXGroup;
			children = (
				8E5D6AFA295AFB280044173F /* Helpers */,
				8E3C36F7295A33DA00EA6ADC /* Feed */,
				8EBD09632958E82100767901 /* AppDelegate.swift */,
				8EBD09652958E82100767901 /* SceneDelegate.swift */,
				8EBD09672958E82100767901 /* ViewController.swift */,
				8EBD09692958E82100767901 /* Main.storyboard */,
				8EBD096C2958E82300767901 /* Assets.xcassets */,
				8EBD096E2958E82300767901 /* LaunchScreen.storyboard */,
				8EBD09712958E82300767901 /* Info.plist */,
			);
			path = RickAndMorty;
			sourceTree = "<group>";
		};
		8EBD09792958E82300767901 /* RickAndMortyTests */ = {
			isa = PBXGroup;
			children = (
				8EBD097A2958E82300767901 /* RickAndMortyTests.swift */,
			);
			path = RickAndMortyTests;
			sourceTree = "<group>";
		};
		8EBD09832958E82300767901 /* RickAndMortyUITests */ = {
			isa = PBXGroup;
			children = (
				8EBD09842958E82300767901 /* RickAndMortyUITests.swift */,
				8EBD09862958E82300767901 /* RickAndMortyUITestsLaunchTests.swift */,
			);
			path = RickAndMortyUITests;
			sourceTree = "<group>";
		};
/* End PBXGroup section */

/* Begin PBXNativeTarget section */
		8EBD095F2958E82100767901 /* RickAndMorty */ = {
			isa = PBXNativeTarget;
			buildConfigurationList = 8EBD098A2958E82300767901 /* Build configuration list for PBXNativeTarget "RickAndMorty" */;
			buildPhases = (
				8EBD095C2958E82100767901 /* Sources */,
				8EBD095D2958E82100767901 /* Frameworks */,
				8EBD095E2958E82100767901 /* Resources */,
				8E3C36F6295A2F6100EA6ADC /* Embed Frameworks */,
			);
			buildRules = (
			);
			dependencies = (
			);
			name = RickAndMorty;
			productName = RickAndMorty;
			productReference = 8EBD09602958E82100767901 /* RickAndMorty.app */;
			productType = "com.apple.product-type.application";
		};
		8EBD09752958E82300767901 /* RickAndMortyTests */ = {
			isa = PBXNativeTarget;
			buildConfigurationList = 8EBD098D2958E82300767901 /* Build configuration list for PBXNativeTarget "RickAndMortyTests" */;
			buildPhases = (
				8EBD09722958E82300767901 /* Sources */,
				8EBD09732958E82300767901 /* Frameworks */,
				8EBD09742958E82300767901 /* Resources */,
			);
			buildRules = (
			);
			dependencies = (
				8EBD09782958E82300767901 /* PBXTargetDependency */,
			);
			name = RickAndMortyTests;
			productName = RickAndMortyTests;
			productReference = 8EBD09762958E82300767901 /* RickAndMortyTests.xctest */;
			productType = "com.apple.product-type.bundle.unit-test";
		};
		8EBD097F2958E82300767901 /* RickAndMortyUITests */ = {
			isa = PBXNativeTarget;
			buildConfigurationList = 8EBD09902958E82300767901 /* Build configuration list for PBXNativeTarget "RickAndMortyUITests" */;
			buildPhases = (
				8EBD097C2958E82300767901 /* Sources */,
				8EBD097D2958E82300767901 /* Frameworks */,
				8EBD097E2958E82300767901 /* Resources */,
			);
			buildRules = (
			);
			dependencies = (
				8EBD09822958E82300767901 /* PBXTargetDependency */,
			);
			name = RickAndMortyUITests;
			productName = RickAndMortyUITests;
			productReference = 8EBD09802958E82300767901 /* RickAndMortyUITests.xctest */;
			productType = "com.apple.product-type.bundle.ui-testing";
		};
/* End PBXNativeTarget section */

/* Begin PBXProject section */
		8EBD09582958E82100767901 /* Project object */ = {
			isa = PBXProject;
			attributes = {
				BuildIndependentTargetsInParallel = 1;
				LastSwiftUpdateCheck = 1410;
				LastUpgradeCheck = 1410;
				TargetAttributes = {
					8EBD095F2958E82100767901 = {
						CreatedOnToolsVersion = 14.1;
					};
					8EBD09752958E82300767901 = {
						CreatedOnToolsVersion = 14.1;
						TestTargetID = 8EBD095F2958E82100767901;
					};
					8EBD097F2958E82300767901 = {
						CreatedOnToolsVersion = 14.1;
						TestTargetID = 8EBD095F2958E82100767901;
					};
				};
			};
			buildConfigurationList = 8EBD095B2958E82100767901 /* Build configuration list for PBXProject "RickAndMorty" */;
			compatibilityVersion = "Xcode 14.0";
			developmentRegion = en;
			hasScannedForEncodings = 0;
			knownRegions = (
				en,
				Base,
			);
			mainGroup = 8EBD09572958E82100767901;
			productRefGroup = 8EBD09612958E82100767901 /* Products */;
			projectDirPath = "";
			projectRoot = "";
			targets = (
				8EBD095F2958E82100767901 /* RickAndMorty */,
				8EBD09752958E82300767901 /* RickAndMortyTests */,
				8EBD097F2958E82300767901 /* RickAndMortyUITests */,
			);
		};
/* End PBXProject section */

/* Begin PBXResourcesBuildPhase section */
		8EBD095E2958E82100767901 /* Resources */ = {
			isa = PBXResourcesBuildPhase;
			buildActionMask = 2147483647;
			files = (
				8EBD09702958E82300767901 /* LaunchScreen.storyboard in Resources */,
				8EBD096D2958E82300767901 /* Assets.xcassets in Resources */,
				8EBD096B2958E82100767901 /* Main.storyboard in Resources */,
			);
			runOnlyForDeploymentPostprocessing = 0;
		};
		8EBD09742958E82300767901 /* Resources */ = {
			isa = PBXResourcesBuildPhase;
			buildActionMask = 2147483647;
			files = (
			);
			runOnlyForDeploymentPostprocessing = 0;
		};
		8EBD097E2958E82300767901 /* Resources */ = {
			isa = PBXResourcesBuildPhase;
			buildActionMask = 2147483647;
			files = (
			);
			runOnlyForDeploymentPostprocessing = 0;
		};
/* End PBXResourcesBuildPhase section */

/* Begin PBXSourcesBuildPhase section */
		8EBD095C2958E82100767901 /* Sources */ = {
			isa = PBXSourcesBuildPhase;
			buildActionMask = 2147483647;
			files = (
				8EBD09682958E82100767901 /* ViewController.swift in Sources */,
				8E5D6ADC295AEF8D0044173F /* FeedUIComposer.swift in Sources */,
				8E5D6AF9295AF8260044173F /* FeedAdapter.swift in Sources */,
				8EBD09642958E82100767901 /* AppDelegate.swift in Sources */,
				8E5D6AFC295AFB5D0044173F /* WeakRefVirtualProxy.swift in Sources */,
				8EBD09662958E82100767901 /* SceneDelegate.swift in Sources */,
			);
			runOnlyForDeploymentPostprocessing = 0;
		};
		8EBD09722958E82300767901 /* Sources */ = {
			isa = PBXSourcesBuildPhase;
			buildActionMask = 2147483647;
			files = (
				8EBD097B2958E82300767901 /* RickAndMortyTests.swift in Sources */,
			);
			runOnlyForDeploymentPostprocessing = 0;
		};
		8EBD097C2958E82300767901 /* Sources */ = {
			isa = PBXSourcesBuildPhase;
			buildActionMask = 2147483647;
			files = (
				8EBD09852958E82300767901 /* RickAndMortyUITests.swift in Sources */,
				8EBD09872958E82300767901 /* RickAndMortyUITestsLaunchTests.swift in Sources */,
			);
			runOnlyForDeploymentPostprocessing = 0;
		};
/* End PBXSourcesBuildPhase section */

/* Begin PBXTargetDependency section */
		8EBD09782958E82300767901 /* PBXTargetDependency */ = {
			isa = PBXTargetDependency;
			target = 8EBD095F2958E82100767901 /* RickAndMorty */;
			targetProxy = 8EBD09772958E82300767901 /* PBXContainerItemProxy */;
		};
		8EBD09822958E82300767901 /* PBXTargetDependency */ = {
			isa = PBXTargetDependency;
			target = 8EBD095F2958E82100767901 /* RickAndMorty */;
			targetProxy = 8EBD09812958E82300767901 /* PBXContainerItemProxy */;
		};
/* End PBXTargetDependency section */

/* Begin PBXVariantGroup section */
		8EBD09692958E82100767901 /* Main.storyboard */ = {
			isa = PBXVariantGroup;
			children = (
				8EBD096A2958E82100767901 /* Base */,
			);
			name = Main.storyboard;
			sourceTree = "<group>";
		};
		8EBD096E2958E82300767901 /* LaunchScreen.storyboard */ = {
			isa = PBXVariantGroup;
			children = (
				8EBD096F2958E82300767901 /* Base */,
			);
			name = LaunchScreen.storyboard;
			sourceTree = "<group>";
		};
/* End PBXVariantGroup section */

/* Begin XCBuildConfiguration section */
		8EBD09882958E82300767901 /* Debug */ = {
			isa = XCBuildConfiguration;
			buildSettings = {
				ALWAYS_SEARCH_USER_PATHS = NO;
				CLANG_ANALYZER_NONNULL = YES;
				CLANG_ANALYZER_NUMBER_OBJECT_CONVERSION = YES_AGGRESSIVE;
				CLANG_CXX_LANGUAGE_STANDARD = "gnu++20";
				CLANG_ENABLE_MODULES = YES;
				CLANG_ENABLE_OBJC_ARC = YES;
				CLANG_ENABLE_OBJC_WEAK = YES;
				CLANG_WARN_BLOCK_CAPTURE_AUTORELEASING = YES;
				CLANG_WARN_BOOL_CONVERSION = YES;
				CLANG_WARN_COMMA = YES;
				CLANG_WARN_CONSTANT_CONVERSION = YES;
				CLANG_WARN_DEPRECATED_OBJC_IMPLEMENTATIONS = YES;
				CLANG_WARN_DIRECT_OBJC_ISA_USAGE = YES_ERROR;
				CLANG_WARN_DOCUMENTATION_COMMENTS = YES;
				CLANG_WARN_EMPTY_BODY = YES;
				CLANG_WARN_ENUM_CONVERSION = YES;
				CLANG_WARN_INFINITE_RECURSION = YES;
				CLANG_WARN_INT_CONVERSION = YES;
				CLANG_WARN_NON_LITERAL_NULL_CONVERSION = YES;
				CLANG_WARN_OBJC_IMPLICIT_RETAIN_SELF = YES;
				CLANG_WARN_OBJC_LITERAL_CONVERSION = YES;
				CLANG_WARN_OBJC_ROOT_CLASS = YES_ERROR;
				CLANG_WARN_QUOTED_INCLUDE_IN_FRAMEWORK_HEADER = YES;
				CLANG_WARN_RANGE_LOOP_ANALYSIS = YES;
				CLANG_WARN_STRICT_PROTOTYPES = YES;
				CLANG_WARN_SUSPICIOUS_MOVE = YES;
				CLANG_WARN_UNGUARDED_AVAILABILITY = YES_AGGRESSIVE;
				CLANG_WARN_UNREACHABLE_CODE = YES;
				CLANG_WARN__DUPLICATE_METHOD_MATCH = YES;
				COPY_PHASE_STRIP = NO;
				DEBUG_INFORMATION_FORMAT = dwarf;
				ENABLE_STRICT_OBJC_MSGSEND = YES;
				ENABLE_TESTABILITY = YES;
				GCC_C_LANGUAGE_STANDARD = gnu11;
				GCC_DYNAMIC_NO_PIC = NO;
				GCC_NO_COMMON_BLOCKS = YES;
				GCC_OPTIMIZATION_LEVEL = 0;
				GCC_PREPROCESSOR_DEFINITIONS = (
					"DEBUG=1",
					"$(inherited)",
				);
				GCC_WARN_64_TO_32_BIT_CONVERSION = YES;
				GCC_WARN_ABOUT_RETURN_TYPE = YES_ERROR;
				GCC_WARN_UNDECLARED_SELECTOR = YES;
				GCC_WARN_UNINITIALIZED_AUTOS = YES_AGGRESSIVE;
				GCC_WARN_UNUSED_FUNCTION = YES;
				GCC_WARN_UNUSED_VARIABLE = YES;
				IPHONEOS_DEPLOYMENT_TARGET = 13.0;
				MTL_ENABLE_DEBUG_INFO = INCLUDE_SOURCE;
				MTL_FAST_MATH = YES;
				ONLY_ACTIVE_ARCH = YES;
				SDKROOT = iphoneos;
				SWIFT_ACTIVE_COMPILATION_CONDITIONS = DEBUG;
				SWIFT_OPTIMIZATION_LEVEL = "-Onone";
			};
			name = Debug;
		};
		8EBD09892958E82300767901 /* Release */ = {
			isa = XCBuildConfiguration;
			buildSettings = {
				ALWAYS_SEARCH_USER_PATHS = NO;
				CLANG_ANALYZER_NONNULL = YES;
				CLANG_ANALYZER_NUMBER_OBJECT_CONVERSION = YES_AGGRESSIVE;
				CLANG_CXX_LANGUAGE_STANDARD = "gnu++20";
				CLANG_ENABLE_MODULES = YES;
				CLANG_ENABLE_OBJC_ARC = YES;
				CLANG_ENABLE_OBJC_WEAK = YES;
				CLANG_WARN_BLOCK_CAPTURE_AUTORELEASING = YES;
				CLANG_WARN_BOOL_CONVERSION = YES;
				CLANG_WARN_COMMA = YES;
				CLANG_WARN_CONSTANT_CONVERSION = YES;
				CLANG_WARN_DEPRECATED_OBJC_IMPLEMENTATIONS = YES;
				CLANG_WARN_DIRECT_OBJC_ISA_USAGE = YES_ERROR;
				CLANG_WARN_DOCUMENTATION_COMMENTS = YES;
				CLANG_WARN_EMPTY_BODY = YES;
				CLANG_WARN_ENUM_CONVERSION = YES;
				CLANG_WARN_INFINITE_RECURSION = YES;
				CLANG_WARN_INT_CONVERSION = YES;
				CLANG_WARN_NON_LITERAL_NULL_CONVERSION = YES;
				CLANG_WARN_OBJC_IMPLICIT_RETAIN_SELF = YES;
				CLANG_WARN_OBJC_LITERAL_CONVERSION = YES;
				CLANG_WARN_OBJC_ROOT_CLASS = YES_ERROR;
				CLANG_WARN_QUOTED_INCLUDE_IN_FRAMEWORK_HEADER = YES;
				CLANG_WARN_RANGE_LOOP_ANALYSIS = YES;
				CLANG_WARN_STRICT_PROTOTYPES = YES;
				CLANG_WARN_SUSPICIOUS_MOVE = YES;
				CLANG_WARN_UNGUARDED_AVAILABILITY = YES_AGGRESSIVE;
				CLANG_WARN_UNREACHABLE_CODE = YES;
				CLANG_WARN__DUPLICATE_METHOD_MATCH = YES;
				COPY_PHASE_STRIP = NO;
				DEBUG_INFORMATION_FORMAT = "dwarf-with-dsym";
				ENABLE_NS_ASSERTIONS = NO;
				ENABLE_STRICT_OBJC_MSGSEND = YES;
				GCC_C_LANGUAGE_STANDARD = gnu11;
				GCC_NO_COMMON_BLOCKS = YES;
				GCC_WARN_64_TO_32_BIT_CONVERSION = YES;
				GCC_WARN_ABOUT_RETURN_TYPE = YES_ERROR;
				GCC_WARN_UNDECLARED_SELECTOR = YES;
				GCC_WARN_UNINITIALIZED_AUTOS = YES_AGGRESSIVE;
				GCC_WARN_UNUSED_FUNCTION = YES;
				GCC_WARN_UNUSED_VARIABLE = YES;
				IPHONEOS_DEPLOYMENT_TARGET = 13.0;
				MTL_ENABLE_DEBUG_INFO = NO;
				MTL_FAST_MATH = YES;
				SDKROOT = iphoneos;
				SWIFT_COMPILATION_MODE = wholemodule;
				SWIFT_OPTIMIZATION_LEVEL = "-O";
				VALIDATE_PRODUCT = YES;
			};
			name = Release;
		};
		8EBD098B2958E82300767901 /* Debug */ = {
			isa = XCBuildConfiguration;
			buildSettings = {
				ASSETCATALOG_COMPILER_APPICON_NAME = AppIcon;
				ASSETCATALOG_COMPILER_GLOBAL_ACCENT_COLOR_NAME = AccentColor;
				CODE_SIGN_STYLE = Automatic;
				CURRENT_PROJECT_VERSION = 1;
				GENERATE_INFOPLIST_FILE = YES;
				INFOPLIST_FILE = RickAndMorty/Info.plist;
				INFOPLIST_KEY_UIApplicationSupportsIndirectInputEvents = YES;
				INFOPLIST_KEY_UILaunchStoryboardName = LaunchScreen;
				INFOPLIST_KEY_UIMainStoryboardFile = Main;
				INFOPLIST_KEY_UISupportedInterfaceOrientations_iPad = "UIInterfaceOrientationPortrait UIInterfaceOrientationPortraitUpsideDown UIInterfaceOrientationLandscapeLeft UIInterfaceOrientationLandscapeRight";
				INFOPLIST_KEY_UISupportedInterfaceOrientations_iPhone = "UIInterfaceOrientationPortrait UIInterfaceOrientationLandscapeLeft UIInterfaceOrientationLandscapeRight";
				LD_RUNPATH_SEARCH_PATHS = (
					"$(inherited)",
					"@executable_path/Frameworks",
				);
				MARKETING_VERSION = 1.0;
				PRODUCT_BUNDLE_IDENTIFIER = com.test.RickAndMorty;
				PRODUCT_NAME = "$(TARGET_NAME)";
				SWIFT_EMIT_LOC_STRINGS = YES;
				SWIFT_VERSION = 5.0;
				TARGETED_DEVICE_FAMILY = "1,2";
			};
			name = Debug;
		};
		8EBD098C2958E82300767901 /* Release */ = {
			isa = XCBuildConfiguration;
			buildSettings = {
				ASSETCATALOG_COMPILER_APPICON_NAME = AppIcon;
				ASSETCATALOG_COMPILER_GLOBAL_ACCENT_COLOR_NAME = AccentColor;
				CODE_SIGN_STYLE = Automatic;
				CURRENT_PROJECT_VERSION = 1;
				GENERATE_INFOPLIST_FILE = YES;
				INFOPLIST_FILE = RickAndMorty/Info.plist;
				INFOPLIST_KEY_UIApplicationSupportsIndirectInputEvents = YES;
				INFOPLIST_KEY_UILaunchStoryboardName = LaunchScreen;
				INFOPLIST_KEY_UIMainStoryboardFile = Main;
				INFOPLIST_KEY_UISupportedInterfaceOrientations_iPad = "UIInterfaceOrientationPortrait UIInterfaceOrientationPortraitUpsideDown UIInterfaceOrientationLandscapeLeft UIInterfaceOrientationLandscapeRight";
				INFOPLIST_KEY_UISupportedInterfaceOrientations_iPhone = "UIInterfaceOrientationPortrait UIInterfaceOrientationLandscapeLeft UIInterfaceOrientationLandscapeRight";
				LD_RUNPATH_SEARCH_PATHS = (
					"$(inherited)",
					"@executable_path/Frameworks",
				);
				MARKETING_VERSION = 1.0;
				PRODUCT_BUNDLE_IDENTIFIER = com.test.RickAndMorty;
				PRODUCT_NAME = "$(TARGET_NAME)";
				SWIFT_EMIT_LOC_STRINGS = YES;
				SWIFT_VERSION = 5.0;
				TARGETED_DEVICE_FAMILY = "1,2";
			};
			name = Release;
		};
		8EBD098E2958E82300767901 /* Debug */ = {
			isa = XCBuildConfiguration;
			buildSettings = {
				ALWAYS_EMBED_SWIFT_STANDARD_LIBRARIES = YES;
				BUNDLE_LOADER = "$(TEST_HOST)";
				CODE_SIGN_STYLE = Automatic;
				CURRENT_PROJECT_VERSION = 1;
				GENERATE_INFOPLIST_FILE = YES;
				IPHONEOS_DEPLOYMENT_TARGET = 16.1;
				MARKETING_VERSION = 1.0;
				PRODUCT_BUNDLE_IDENTIFIER = com.test.RickAndMortyTests;
				PRODUCT_NAME = "$(TARGET_NAME)";
				SWIFT_EMIT_LOC_STRINGS = NO;
				SWIFT_VERSION = 5.0;
				TARGETED_DEVICE_FAMILY = "1,2";
				TEST_HOST = "$(BUILT_PRODUCTS_DIR)/RickAndMorty.app/$(BUNDLE_EXECUTABLE_FOLDER_PATH)/RickAndMorty";
			};
			name = Debug;
		};
		8EBD098F2958E82300767901 /* Release */ = {
			isa = XCBuildConfiguration;
			buildSettings = {
				ALWAYS_EMBED_SWIFT_STANDARD_LIBRARIES = YES;
				BUNDLE_LOADER = "$(TEST_HOST)";
				CODE_SIGN_STYLE = Automatic;
				CURRENT_PROJECT_VERSION = 1;
				GENERATE_INFOPLIST_FILE = YES;
				IPHONEOS_DEPLOYMENT_TARGET = 16.1;
				MARKETING_VERSION = 1.0;
				PRODUCT_BUNDLE_IDENTIFIER = com.test.RickAndMortyTests;
				PRODUCT_NAME = "$(TARGET_NAME)";
				SWIFT_EMIT_LOC_STRINGS = NO;
				SWIFT_VERSION = 5.0;
				TARGETED_DEVICE_FAMILY = "1,2";
				TEST_HOST = "$(BUILT_PRODUCTS_DIR)/RickAndMorty.app/$(BUNDLE_EXECUTABLE_FOLDER_PATH)/RickAndMorty";
			};
			name = Release;
		};
		8EBD09912958E82300767901 /* Debug */ = {
			isa = XCBuildConfiguration;
			buildSettings = {
				ALWAYS_EMBED_SWIFT_STANDARD_LIBRARIES = YES;
				CODE_SIGN_STYLE = Automatic;
				CURRENT_PROJECT_VERSION = 1;
				GENERATE_INFOPLIST_FILE = YES;
				MARKETING_VERSION = 1.0;
				PRODUCT_BUNDLE_IDENTIFIER = com.test.RickAndMortyUITests;
				PRODUCT_NAME = "$(TARGET_NAME)";
				SWIFT_EMIT_LOC_STRINGS = NO;
				SWIFT_VERSION = 5.0;
				TARGETED_DEVICE_FAMILY = "1,2";
				TEST_TARGET_NAME = RickAndMorty;
			};
			name = Debug;
		};
		8EBD09922958E82300767901 /* Release */ = {
			isa = XCBuildConfiguration;
			buildSettings = {
				ALWAYS_EMBED_SWIFT_STANDARD_LIBRARIES = YES;
				CODE_SIGN_STYLE = Automatic;
				CURRENT_PROJECT_VERSION = 1;
				GENERATE_INFOPLIST_FILE = YES;
				MARKETING_VERSION = 1.0;
				PRODUCT_BUNDLE_IDENTIFIER = com.test.RickAndMortyUITests;
				PRODUCT_NAME = "$(TARGET_NAME)";
				SWIFT_EMIT_LOC_STRINGS = NO;
				SWIFT_VERSION = 5.0;
				TARGETED_DEVICE_FAMILY = "1,2";
				TEST_TARGET_NAME = RickAndMorty;
			};
			name = Release;
		};
/* End XCBuildConfiguration section */

/* Begin XCConfigurationList section */
		8EBD095B2958E82100767901 /* Build configuration list for PBXProject "RickAndMorty" */ = {
			isa = XCConfigurationList;
			buildConfigurations = (
				8EBD09882958E82300767901 /* Debug */,
				8EBD09892958E82300767901 /* Release */,
			);
			defaultConfigurationIsVisible = 0;
			defaultConfigurationName = Release;
		};
		8EBD098A2958E82300767901 /* Build configuration list for PBXNativeTarget "RickAndMorty" */ = {
			isa = XCConfigurationList;
			buildConfigurations = (
				8EBD098B2958E82300767901 /* Debug */,
				8EBD098C2958E82300767901 /* Release */,
			);
			defaultConfigurationIsVisible = 0;
			defaultConfigurationName = Release;
		};
		8EBD098D2958E82300767901 /* Build configuration list for PBXNativeTarget "RickAndMortyTests" */ = {
			isa = XCConfigurationList;
			buildConfigurations = (
				8EBD098E2958E82300767901 /* Debug */,
				8EBD098F2958E82300767901 /* Release */,
			);
			defaultConfigurationIsVisible = 0;
			defaultConfigurationName = Release;
		};
		8EBD09902958E82300767901 /* Build configuration list for PBXNativeTarget "RickAndMortyUITests" */ = {
			isa = XCConfigurationList;
			buildConfigurations = (
				8EBD09912958E82300767901 /* Debug */,
				8EBD09922958E82300767901 /* Release */,
			);
			defaultConfigurationIsVisible = 0;
			defaultConfigurationName = Release;
		};
/* End XCConfigurationList section */
	};
	rootObject = 8EBD09582958E82100767901 /* Project object */;
}
