// !$*UTF8*$!
{
	archiveVersion = 1;
	classes = {
	};
	objectVersion = 56;
	objects = {

/* Begin PBXBuildFile section */
		8E3C36BF2959C9CF00EA6ADC /* CoreDataFeedCharacterTests.swift in Sources */ = {isa = PBXBuildFile; fileRef = 8E3C36BE2959C9CF00EA6ADC /* CoreDataFeedCharacterTests.swift */; };
		8E3C36C22959D11F00EA6ADC /* XCTestCase+MemoryLeakTracking.swift in Sources */ = {isa = PBXBuildFile; fileRef = 8E3C36C12959D11F00EA6ADC /* XCTestCase+MemoryLeakTracking.swift */; };
		8E3C36C52959D60600EA6ADC /* FeedStoreSpecs.swift in Sources */ = {isa = PBXBuildFile; fileRef = 8E3C36C42959D60600EA6ADC /* FeedStoreSpecs.swift */; };
		8E3C36C72959D66000EA6ADC /* XCTestCase+FeedStoreSpecs.swift in Sources */ = {isa = PBXBuildFile; fileRef = 8E3C36C62959D66000EA6ADC /* XCTestCase+FeedStoreSpecs.swift */; };
		8E3C36C92959D95900EA6ADC /* FeedCacheTestHelpers.swift in Sources */ = {isa = PBXBuildFile; fileRef = 8E3C36C82959D95900EA6ADC /* FeedCacheTestHelpers.swift */; };
		8E3C36CC2959E1C200EA6ADC /* HTTPClient.swift in Sources */ = {isa = PBXBuildFile; fileRef = 8E3C36CB2959E1C200EA6ADC /* HTTPClient.swift */; };
		8E3C36D0295A1A3C00EA6ADC /* URLSessionHTTPClient.swift in Sources */ = {isa = PBXBuildFile; fileRef = 8E3C36CF295A1A3C00EA6ADC /* URLSessionHTTPClient.swift */; };
		8E3C36D6295A1FD000EA6ADC /* URLProtocolStub.swift in Sources */ = {isa = PBXBuildFile; fileRef = 8E3C36D5295A1FD000EA6ADC /* URLProtocolStub.swift */; };
		8E3C36D8295A243300EA6ADC /* URLSessionHTTPClientTests.swift in Sources */ = {isa = PBXBuildFile; fileRef = 8E3C36D7295A243300EA6ADC /* URLSessionHTTPClientTests.swift */; };
		8E3C36FE295A374100EA6ADC /* Feed.storyboard in Resources */ = {isa = PBXBuildFile; fileRef = 8E3C36FD295A374100EA6ADC /* Feed.storyboard */; };
		8E3C3707295A38D900EA6ADC /* RickAndMortyiOSTests.swift in Sources */ = {isa = PBXBuildFile; fileRef = 8E3C3706295A38D900EA6ADC /* RickAndMortyiOSTests.swift */; };
		8E3C3708295A38D900EA6ADC /* RickAndMortyFeed.framework in Frameworks */ = {isa = PBXBuildFile; fileRef = 8EBD099D2958EA1700767901 /* RickAndMortyFeed.framework */; };
		8E3C3712295A44ED00EA6ADC /* FeedCharacterCell.swift in Sources */ = {isa = PBXBuildFile; fileRef = 8E3C3711295A44ED00EA6ADC /* FeedCharacterCell.swift */; };
		8E3C3714295A5EED00EA6ADC /* FeedViewController.swift in Sources */ = {isa = PBXBuildFile; fileRef = 8E3C3713295A5EED00EA6ADC /* FeedViewController.swift */; };
		8E3C3716295A65B000EA6ADC /* CharacterCellController.swift in Sources */ = {isa = PBXBuildFile; fileRef = 8E3C3715295A65B000EA6ADC /* CharacterCellController.swift */; };
		8E3C371C295A6E0900EA6ADC /* LoadResourcePresenter.swift in Sources */ = {isa = PBXBuildFile; fileRef = 8E3C371A295A6E0900EA6ADC /* LoadResourcePresenter.swift */; };
		8E3C371E295A6E2C00EA6ADC /* Shared.strings in Resources */ = {isa = PBXBuildFile; fileRef = 8E3C3720295A6E2C00EA6ADC /* Shared.strings */; };
		8E3C3723295A6E6400EA6ADC /* ResourceLoadingView.swift in Sources */ = {isa = PBXBuildFile; fileRef = 8E3C3722295A6E6400EA6ADC /* ResourceLoadingView.swift */; };
		8E3C3725295A6E8300EA6ADC /* ResourceErrorView.swift in Sources */ = {isa = PBXBuildFile; fileRef = 8E3C3724295A6E8300EA6ADC /* ResourceErrorView.swift */; };
		8EBD09A82958EA1700767901 /* RickAndMortyFeed.framework in Frameworks */ = {isa = PBXBuildFile; fileRef = 8EBD099D2958EA1700767901 /* RickAndMortyFeed.framework */; };
		8EBD09AD2958EA1700767901 /* FeedCharactersMapperTests.swift in Sources */ = {isa = PBXBuildFile; fileRef = 8EBD09AC2958EA1700767901 /* FeedCharactersMapperTests.swift */; };
		8EBD09BA2958F0AE00767901 /* SharedTestHelpers.swift in Sources */ = {isa = PBXBuildFile; fileRef = 8EBD09B92958F0AE00767901 /* SharedTestHelpers.swift */; };
		8EBD09C12958FC1900767901 /* FeedCharacter.swift in Sources */ = {isa = PBXBuildFile; fileRef = 8EBD09C02958FC1900767901 /* FeedCharacter.swift */; };
		8EBD09C32958FCA000767901 /* FeedCharactersMapper.swift in Sources */ = {isa = PBXBuildFile; fileRef = 8EBD09C22958FCA000767901 /* FeedCharactersMapper.swift */; };
		8EBD09C52958FE0F00767901 /* FeedEndpoint.swift in Sources */ = {isa = PBXBuildFile; fileRef = 8EBD09C42958FE0F00767901 /* FeedEndpoint.swift */; };
		8EBD09C72958FE6A00767901 /* FeedEndpointTests.swift in Sources */ = {isa = PBXBuildFile; fileRef = 8EBD09C62958FE6A00767901 /* FeedEndpointTests.swift */; };
		8EBD09CA2958FFFB00767901 /* HTTPURLResponse+StatusCode.swift in Sources */ = {isa = PBXBuildFile; fileRef = 8EBD09C92958FFFB00767901 /* HTTPURLResponse+StatusCode.swift */; };
		8EBD09D02959011600767901 /* FeedCharacterStore.xcdatamodeld in Sources */ = {isa = PBXBuildFile; fileRef = 8EBD09CE2959011600767901 /* FeedCharacterStore.xcdatamodeld */; };
		8EBD09D3295903A100767901 /* CoreDataFeedCharacterStore.swift in Sources */ = {isa = PBXBuildFile; fileRef = 8EBD09D2295903A100767901 /* CoreDataFeedCharacterStore.swift */; };
		8EBD09D52959044F00767901 /* CoreDataHelpers.swift in Sources */ = {isa = PBXBuildFile; fileRef = 8EBD09D42959044F00767901 /* CoreDataHelpers.swift */; };
		8EBD09D72959068000767901 /* ManagedCache.swift in Sources */ = {isa = PBXBuildFile; fileRef = 8EBD09D62959068000767901 /* ManagedCache.swift */; };
		8EBD09D9295906F000767901 /* ManagedFeedCharacter.swift in Sources */ = {isa = PBXBuildFile; fileRef = 8EBD09D8295906F000767901 /* ManagedFeedCharacter.swift */; };
		8EBD09DB295910BB00767901 /* FeedStore.swift in Sources */ = {isa = PBXBuildFile; fileRef = 8EBD09DA295910BB00767901 /* FeedStore.swift */; };
		8EBD09DD295910DC00767901 /* LocalFeedCharacter.swift in Sources */ = {isa = PBXBuildFile; fileRef = 8EBD09DC295910DC00767901 /* LocalFeedCharacter.swift */; };
		8EBD09DF295915F800767901 /* CoreDataFeedCharacterStore+FeedStore.swift in Sources */ = {isa = PBXBuildFile; fileRef = 8EBD09DE295915F800767901 /* CoreDataFeedCharacterStore+FeedStore.swift */; };
/* End PBXBuildFile section */

/* Begin PBXContainerItemProxy section */
		8E3C3709295A38D900EA6ADC /* PBXContainerItemProxy */ = {
			isa = PBXContainerItemProxy;
			containerPortal = 8EBD09942958EA1700767901 /* Project object */;
			proxyType = 1;
			remoteGlobalIDString = 8EBD099C2958EA1700767901;
			remoteInfo = RickAndMortyFeed;
		};
		8EBD09A92958EA1700767901 /* PBXContainerItemProxy */ = {
			isa = PBXContainerItemProxy;
			containerPortal = 8EBD09942958EA1700767901 /* Project object */;
			proxyType = 1;
			remoteGlobalIDString = 8EBD099C2958EA1700767901;
			remoteInfo = RickAndMortyFeed;
		};
/* End PBXContainerItemProxy section */

/* Begin PBXFileReference section */
		8E3C36BE2959C9CF00EA6ADC /* CoreDataFeedCharacterTests.swift */ = {isa = PBXFileReference; lastKnownFileType = sourcecode.swift; path = CoreDataFeedCharacterTests.swift; sourceTree = "<group>"; };
		8E3C36C12959D11F00EA6ADC /* XCTestCase+MemoryLeakTracking.swift */ = {isa = PBXFileReference; lastKnownFileType = sourcecode.swift; path = "XCTestCase+MemoryLeakTracking.swift"; sourceTree = "<group>"; };
		8E3C36C42959D60600EA6ADC /* FeedStoreSpecs.swift */ = {isa = PBXFileReference; lastKnownFileType = sourcecode.swift; path = FeedStoreSpecs.swift; sourceTree = "<group>"; };
		8E3C36C62959D66000EA6ADC /* XCTestCase+FeedStoreSpecs.swift */ = {isa = PBXFileReference; lastKnownFileType = sourcecode.swift; path = "XCTestCase+FeedStoreSpecs.swift"; sourceTree = "<group>"; };
		8E3C36C82959D95900EA6ADC /* FeedCacheTestHelpers.swift */ = {isa = PBXFileReference; lastKnownFileType = sourcecode.swift; path = FeedCacheTestHelpers.swift; sourceTree = "<group>"; };
		8E3C36CB2959E1C200EA6ADC /* HTTPClient.swift */ = {isa = PBXFileReference; lastKnownFileType = sourcecode.swift; path = HTTPClient.swift; sourceTree = "<group>"; };
		8E3C36CF295A1A3C00EA6ADC /* URLSessionHTTPClient.swift */ = {isa = PBXFileReference; lastKnownFileType = sourcecode.swift; path = URLSessionHTTPClient.swift; sourceTree = "<group>"; };
		8E3C36D5295A1FD000EA6ADC /* URLProtocolStub.swift */ = {isa = PBXFileReference; lastKnownFileType = sourcecode.swift; path = URLProtocolStub.swift; sourceTree = "<group>"; };
		8E3C36D7295A243300EA6ADC /* URLSessionHTTPClientTests.swift */ = {isa = PBXFileReference; lastKnownFileType = sourcecode.swift; path = URLSessionHTTPClientTests.swift; sourceTree = "<group>"; };
		8E3C36FD295A374100EA6ADC /* Feed.storyboard */ = {isa = PBXFileReference; lastKnownFileType = file.storyboard; path = Feed.storyboard; sourceTree = "<group>"; };
		8E3C3704295A38D900EA6ADC /* RickAndMortyiOSTests.xctest */ = {isa = PBXFileReference; explicitFileType = wrapper.cfbundle; includeInIndex = 0; path = RickAndMortyiOSTests.xctest; sourceTree = BUILT_PRODUCTS_DIR; };
		8E3C3706295A38D900EA6ADC /* RickAndMortyiOSTests.swift */ = {isa = PBXFileReference; lastKnownFileType = sourcecode.swift; path = RickAndMortyiOSTests.swift; sourceTree = "<group>"; };
		8E3C3711295A44ED00EA6ADC /* FeedCharacterCell.swift */ = {isa = PBXFileReference; lastKnownFileType = sourcecode.swift; path = FeedCharacterCell.swift; sourceTree = "<group>"; };
		8E3C3713295A5EED00EA6ADC /* FeedViewController.swift */ = {isa = PBXFileReference; lastKnownFileType = sourcecode.swift; path = FeedViewController.swift; sourceTree = "<group>"; };
		8E3C3715295A65B000EA6ADC /* CharacterCellController.swift */ = {isa = PBXFileReference; lastKnownFileType = sourcecode.swift; path = CharacterCellController.swift; sourceTree = "<group>"; };
		8E3C371A295A6E0900EA6ADC /* LoadResourcePresenter.swift */ = {isa = PBXFileReference; fileEncoding = 4; lastKnownFileType = sourcecode.swift; path = LoadResourcePresenter.swift; sourceTree = "<group>"; };
		8E3C371F295A6E2C00EA6ADC /* en */ = {isa = PBXFileReference; lastKnownFileType = text.plist.strings; name = en; path = en.lproj/Shared.strings; sourceTree = "<group>"; };
		8E3C3721295A6E2F00EA6ADC /* fil */ = {isa = PBXFileReference; lastKnownFileType = text.plist.strings; name = fil; path = fil.lproj/Shared.strings; sourceTree = "<group>"; };
		8E3C3722295A6E6400EA6ADC /* ResourceLoadingView.swift */ = {isa = PBXFileReference; lastKnownFileType = sourcecode.swift; path = ResourceLoadingView.swift; sourceTree = "<group>"; };
		8E3C3724295A6E8300EA6ADC /* ResourceErrorView.swift */ = {isa = PBXFileReference; lastKnownFileType = sourcecode.swift; path = ResourceErrorView.swift; sourceTree = "<group>"; };
		8EBD099D2958EA1700767901 /* RickAndMortyFeed.framework */ = {isa = PBXFileReference; explicitFileType = wrapper.framework; includeInIndex = 0; path = RickAndMortyFeed.framework; sourceTree = BUILT_PRODUCTS_DIR; };
		8EBD09A72958EA1700767901 /* RickAndMortyFeedTests.xctest */ = {isa = PBXFileReference; explicitFileType = wrapper.cfbundle; includeInIndex = 0; path = RickAndMortyFeedTests.xctest; sourceTree = BUILT_PRODUCTS_DIR; };
		8EBD09AC2958EA1700767901 /* FeedCharactersMapperTests.swift */ = {isa = PBXFileReference; lastKnownFileType = sourcecode.swift; path = FeedCharactersMapperTests.swift; sourceTree = "<group>"; };
		8EBD09B92958F0AE00767901 /* SharedTestHelpers.swift */ = {isa = PBXFileReference; lastKnownFileType = sourcecode.swift; path = SharedTestHelpers.swift; sourceTree = "<group>"; };
		8EBD09C02958FC1900767901 /* FeedCharacter.swift */ = {isa = PBXFileReference; lastKnownFileType = sourcecode.swift; path = FeedCharacter.swift; sourceTree = "<group>"; };
		8EBD09C22958FCA000767901 /* FeedCharactersMapper.swift */ = {isa = PBXFileReference; lastKnownFileType = sourcecode.swift; path = FeedCharactersMapper.swift; sourceTree = "<group>"; };
		8EBD09C42958FE0F00767901 /* FeedEndpoint.swift */ = {isa = PBXFileReference; lastKnownFileType = sourcecode.swift; path = FeedEndpoint.swift; sourceTree = "<group>"; };
		8EBD09C62958FE6A00767901 /* FeedEndpointTests.swift */ = {isa = PBXFileReference; lastKnownFileType = sourcecode.swift; path = FeedEndpointTests.swift; sourceTree = "<group>"; };
		8EBD09C92958FFFB00767901 /* HTTPURLResponse+StatusCode.swift */ = {isa = PBXFileReference; lastKnownFileType = sourcecode.swift; path = "HTTPURLResponse+StatusCode.swift"; sourceTree = "<group>"; };
		8EBD09CF2959011600767901 /* FeedCharacterStore.xcdatamodel */ = {isa = PBXFileReference; lastKnownFileType = wrapper.xcdatamodel; path = FeedCharacterStore.xcdatamodel; sourceTree = "<group>"; };
		8EBD09D2295903A100767901 /* CoreDataFeedCharacterStore.swift */ = {isa = PBXFileReference; lastKnownFileType = sourcecode.swift; path = CoreDataFeedCharacterStore.swift; sourceTree = "<group>"; };
		8EBD09D42959044F00767901 /* CoreDataHelpers.swift */ = {isa = PBXFileReference; lastKnownFileType = sourcecode.swift; path = CoreDataHelpers.swift; sourceTree = "<group>"; };
		8EBD09D62959068000767901 /* ManagedCache.swift */ = {isa = PBXFileReference; lastKnownFileType = sourcecode.swift; path = ManagedCache.swift; sourceTree = "<group>"; };
		8EBD09D8295906F000767901 /* ManagedFeedCharacter.swift */ = {isa = PBXFileReference; lastKnownFileType = sourcecode.swift; path = ManagedFeedCharacter.swift; sourceTree = "<group>"; };
		8EBD09DA295910BB00767901 /* FeedStore.swift */ = {isa = PBXFileReference; lastKnownFileType = sourcecode.swift; path = FeedStore.swift; sourceTree = "<group>"; };
		8EBD09DC295910DC00767901 /* LocalFeedCharacter.swift */ = {isa = PBXFileReference; lastKnownFileType = sourcecode.swift; path = LocalFeedCharacter.swift; sourceTree = "<group>"; };
		8EBD09DE295915F800767901 /* CoreDataFeedCharacterStore+FeedStore.swift */ = {isa = PBXFileReference; lastKnownFileType = sourcecode.swift; path = "CoreDataFeedCharacterStore+FeedStore.swift"; sourceTree = "<group>"; };
/* End PBXFileReference section */

/* Begin PBXFrameworksBuildPhase section */
		8E3C3701295A38D900EA6ADC /* Frameworks */ = {
			isa = PBXFrameworksBuildPhase;
			buildActionMask = 2147483647;
			files = (
				8E3C3708295A38D900EA6ADC /* RickAndMortyFeed.framework in Frameworks */,
			);
			runOnlyForDeploymentPostprocessing = 0;
		};
		8EBD099A2958EA1700767901 /* Frameworks */ = {
			isa = PBXFrameworksBuildPhase;
			buildActionMask = 2147483647;
			files = (
			);
			runOnlyForDeploymentPostprocessing = 0;
		};
		8EBD09A42958EA1700767901 /* Frameworks */ = {
			isa = PBXFrameworksBuildPhase;
			buildActionMask = 2147483647;
			files = (
				8EBD09A82958EA1700767901 /* RickAndMortyFeed.framework in Frameworks */,
			);
			runOnlyForDeploymentPostprocessing = 0;
		};
/* End PBXFrameworksBuildPhase section */

/* Begin PBXGroup section */
		8E3C36BD2959B9BE00EA6ADC /* Helpers */ = {
			isa = PBXGroup;
			children = (
				8E3C36C82959D95900EA6ADC /* FeedCacheTestHelpers.swift */,
			);
			path = Helpers;
			sourceTree = "<group>";
		};
		8E3C36C32959D5FA00EA6ADC /* FeedStoreSpecs */ = {
			isa = PBXGroup;
			children = (
				8E3C36C42959D60600EA6ADC /* FeedStoreSpecs.swift */,
				8E3C36C62959D66000EA6ADC /* XCTestCase+FeedStoreSpecs.swift */,
			);
			path = FeedStoreSpecs;
			sourceTree = "<group>";
		};
		8E3C36CA2959E1AA00EA6ADC /* Shared */ = {
			isa = PBXGroup;
			children = (
				8E3C3719295A6DF300EA6ADC /* Presentation */,
				8E3C36CE295A1A3100EA6ADC /* API Infra */,
				8E3C36CD295A1A2800EA6ADC /* API */,
			);
			path = Shared;
			sourceTree = "<group>";
		};
		8E3C36CD295A1A2800EA6ADC /* API */ = {
			isa = PBXGroup;
			children = (
				8E3C36CB2959E1C200EA6ADC /* HTTPClient.swift */,
			);
			path = API;
			sourceTree = "<group>";
		};
		8E3C36CE295A1A3100EA6ADC /* API Infra */ = {
			isa = PBXGroup;
			children = (
				8E3C36CF295A1A3C00EA6ADC /* URLSessionHTTPClient.swift */,
			);
			path = "API Infra";
			sourceTree = "<group>";
		};
		8E3C36D2295A1F8600EA6ADC /* Shared */ = {
			isa = PBXGroup;
			children = (
				8E3C36D3295A1FB800EA6ADC /* API Infra */,
			);
			path = Shared;
			sourceTree = "<group>";
		};
		8E3C36D3295A1FB800EA6ADC /* API Infra */ = {
			isa = PBXGroup;
			children = (
				8E3C36D4295A1FC000EA6ADC /* Helpers */,
				8E3C36D7295A243300EA6ADC /* URLSessionHTTPClientTests.swift */,
			);
			path = "API Infra";
			sourceTree = "<group>";
		};
		8E3C36D4295A1FC000EA6ADC /* Helpers */ = {
			isa = PBXGroup;
			children = (
				8E3C36D5295A1FD000EA6ADC /* URLProtocolStub.swift */,
			);
			path = Helpers;
			sourceTree = "<group>";
		};
		8E3C36F8295A33ED00EA6ADC /* RickAndMortyiOS */ = {
			isa = PBXGroup;
			children = (
				8E3C36FF295A375E00EA6ADC /* Shared UI */,
				8E3C36F9295A345B00EA6ADC /* Feed UI */,
			);
			path = RickAndMortyiOS;
			sourceTree = "<group>";
		};
		8E3C36F9295A345B00EA6ADC /* Feed UI */ = {
			isa = PBXGroup;
			children = (
				8E3C36FB295A347200EA6ADC /* View */,
				8E3C36FA295A346C00EA6ADC /* Controllers */,
			);
			path = "Feed UI";
			sourceTree = "<group>";
		};
		8E3C36FA295A346C00EA6ADC /* Controllers */ = {
			isa = PBXGroup;
			children = (
				8E3C3713295A5EED00EA6ADC /* FeedViewController.swift */,
				8E3C3715295A65B000EA6ADC /* CharacterCellController.swift */,
			);
			path = Controllers;
			sourceTree = "<group>";
		};
		8E3C36FB295A347200EA6ADC /* View */ = {
			isa = PBXGroup;
			children = (
				8E3C36FC295A347C00EA6ADC /* Helpers */,
				8E3C36FD295A374100EA6ADC /* Feed.storyboard */,
				8E3C3711295A44ED00EA6ADC /* FeedCharacterCell.swift */,
			);
			path = View;
			sourceTree = "<group>";
		};
		8E3C36FC295A347C00EA6ADC /* Helpers */ = {
			isa = PBXGroup;
			children = (
			);
			path = Helpers;
			sourceTree = "<group>";
		};
		8E3C36FF295A375E00EA6ADC /* Shared UI */ = {
			isa = PBXGroup;
			children = (
				8E3C3710295A3C2E00EA6ADC /* Controllers */,
			);
			path = "Shared UI";
			sourceTree = "<group>";
		};
		8E3C3705295A38D900EA6ADC /* RickAndMortyiOSTests */ = {
			isa = PBXGroup;
			children = (
				8E3C3706295A38D900EA6ADC /* RickAndMortyiOSTests.swift */,
			);
			path = RickAndMortyiOSTests;
			sourceTree = "<group>";
		};
		8E3C3710295A3C2E00EA6ADC /* Controllers */ = {
			isa = PBXGroup;
			children = (
			);
			path = Controllers;
			sourceTree = "<group>";
		};
		8E3C3719295A6DF300EA6ADC /* Presentation */ = {
			isa = PBXGroup;
			children = (
				8E3C371A295A6E0900EA6ADC /* LoadResourcePresenter.swift */,
				8E3C3720295A6E2C00EA6ADC /* Shared.strings */,
				8E3C3722295A6E6400EA6ADC /* ResourceLoadingView.swift */,
				8E3C3724295A6E8300EA6ADC /* ResourceErrorView.swift */,
			);
			path = Presentation;
			sourceTree = "<group>";
		};
		8EBD09932958EA1700767901 = {
			isa = PBXGroup;
			children = (
				8E3C36F8295A33ED00EA6ADC /* RickAndMortyiOS */,
				8EBD099F2958EA1700767901 /* RickAndMortyFeed */,
				8EBD09AB2958EA1700767901 /* RickAndMortyFeedTests */,
				8E3C3705295A38D900EA6ADC /* RickAndMortyiOSTests */,
				8EBD099E2958EA1700767901 /* Products */,
			);
			sourceTree = "<group>";
		};
		8EBD099E2958EA1700767901 /* Products */ = {
			isa = PBXGroup;
			children = (
				8EBD099D2958EA1700767901 /* RickAndMortyFeed.framework */,
				8EBD09A72958EA1700767901 /* RickAndMortyFeedTests.xctest */,
				8E3C3704295A38D900EA6ADC /* RickAndMortyiOSTests.xctest */,
			);
			name = Products;
			sourceTree = "<group>";
		};
		8EBD099F2958EA1700767901 /* RickAndMortyFeed */ = {
			isa = PBXGroup;
			children = (
				8E3C36CA2959E1AA00EA6ADC /* Shared */,
				8EBD09BC2958FB8F00767901 /* FeedCharacter */,
			);
			path = RickAndMortyFeed;
			sourceTree = "<group>";
		};
		8EBD09AB2958EA1700767901 /* RickAndMortyFeedTests */ = {
			isa = PBXGroup;
			children = (
				8E3C36D2295A1F8600EA6ADC /* Shared */,
				8EBD09CC2959009C00767901 /* FeedCharacter */,
				8EBD09B82958EDD200767901 /* Helpers */,
			);
			path = RickAndMortyFeedTests;
			sourceTree = "<group>";
		};
		8EBD09B72958ED4100767901 /* API */ = {
			isa = PBXGroup;
			children = (
				8EBD09AC2958EA1700767901 /* FeedCharactersMapperTests.swift */,
				8EBD09C62958FE6A00767901 /* FeedEndpointTests.swift */,
			);
			path = API;
			sourceTree = "<group>";
		};
		8EBD09B82958EDD200767901 /* Helpers */ = {
			isa = PBXGroup;
			children = (
				8EBD09B92958F0AE00767901 /* SharedTestHelpers.swift */,
				8E3C36C12959D11F00EA6ADC /* XCTestCase+MemoryLeakTracking.swift */,
			);
			path = Helpers;
			sourceTree = "<group>";
		};
		8EBD09BC2958FB8F00767901 /* FeedCharacter */ = {
			isa = PBXGroup;
			children = (
				8EBD09CB2959004100767901 /* Cache */,
				8EBD09BF2958FC0A00767901 /* Domain */,
				8EBD09BE2958FBC400767901 /* API */,
			);
			path = FeedCharacter;
			sourceTree = "<group>";
		};
		8EBD09BE2958FBC400767901 /* API */ = {
			isa = PBXGroup;
			children = (
				8EBD09C82958FFED00767901 /* Helpers */,
				8EBD09C22958FCA000767901 /* FeedCharactersMapper.swift */,
				8EBD09C42958FE0F00767901 /* FeedEndpoint.swift */,
			);
			path = API;
			sourceTree = "<group>";
		};
		8EBD09BF2958FC0A00767901 /* Domain */ = {
			isa = PBXGroup;
			children = (
				8EBD09C02958FC1900767901 /* FeedCharacter.swift */,
			);
			path = Domain;
			sourceTree = "<group>";
		};
		8EBD09C82958FFED00767901 /* Helpers */ = {
			isa = PBXGroup;
			children = (
				8EBD09C92958FFFB00767901 /* HTTPURLResponse+StatusCode.swift */,
			);
			path = Helpers;
			sourceTree = "<group>";
		};
		8EBD09CB2959004100767901 /* Cache */ = {
			isa = PBXGroup;
			children = (
				8EBD09D12959038700767901 /* CoreData */,
				8EBD09DA295910BB00767901 /* FeedStore.swift */,
				8EBD09DC295910DC00767901 /* LocalFeedCharacter.swift */,
			);
			path = Cache;
			sourceTree = "<group>";
		};
		8EBD09CC2959009C00767901 /* FeedCharacter */ = {
			isa = PBXGroup;
			children = (
				8EBD09CD295900C200767901 /* Cache */,
				8EBD09B72958ED4100767901 /* API */,
			);
			path = FeedCharacter;
			sourceTree = "<group>";
		};
		8EBD09CD295900C200767901 /* Cache */ = {
			isa = PBXGroup;
			children = (
				8E3C36C32959D5FA00EA6ADC /* FeedStoreSpecs */,
				8E3C36BD2959B9BE00EA6ADC /* Helpers */,
				8E3C36BE2959C9CF00EA6ADC /* CoreDataFeedCharacterTests.swift */,
			);
			path = Cache;
			sourceTree = "<group>";
		};
		8EBD09D12959038700767901 /* CoreData */ = {
			isa = PBXGroup;
			children = (
				8EBD09CE2959011600767901 /* FeedCharacterStore.xcdatamodeld */,
				8EBD09D2295903A100767901 /* CoreDataFeedCharacterStore.swift */,
				8EBD09D42959044F00767901 /* CoreDataHelpers.swift */,
				8EBD09D62959068000767901 /* ManagedCache.swift */,
				8EBD09D8295906F000767901 /* ManagedFeedCharacter.swift */,
				8EBD09DE295915F800767901 /* CoreDataFeedCharacterStore+FeedStore.swift */,
			);
			path = CoreData;
			sourceTree = "<group>";
		};
/* End PBXGroup section */

/* Begin PBXHeadersBuildPhase section */
		8EBD09982958EA1700767901 /* Headers */ = {
			isa = PBXHeadersBuildPhase;
			buildActionMask = 2147483647;
			files = (
			);
			runOnlyForDeploymentPostprocessing = 0;
		};
/* End PBXHeadersBuildPhase section */

/* Begin PBXNativeTarget section */
		8E3C3703295A38D900EA6ADC /* RickAndMortyiOSTests */ = {
			isa = PBXNativeTarget;
			buildConfigurationList = 8E3C370B295A38D900EA6ADC /* Build configuration list for PBXNativeTarget "RickAndMortyiOSTests" */;
			buildPhases = (
				8E3C3700295A38D900EA6ADC /* Sources */,
				8E3C3701295A38D900EA6ADC /* Frameworks */,
				8E3C3702295A38D900EA6ADC /* Resources */,
			);
			buildRules = (
			);
			dependencies = (
				8E3C370A295A38D900EA6ADC /* PBXTargetDependency */,
			);
			name = RickAndMortyiOSTests;
			productName = RickAndMortyiOSTests;
			productReference = 8E3C3704295A38D900EA6ADC /* RickAndMortyiOSTests.xctest */;
			productType = "com.apple.product-type.bundle.unit-test";
		};
		8EBD099C2958EA1700767901 /* RickAndMortyFeed */ = {
			isa = PBXNativeTarget;
			buildConfigurationList = 8EBD09B12958EA1700767901 /* Build configuration list for PBXNativeTarget "RickAndMortyFeed" */;
			buildPhases = (
				8EBD09982958EA1700767901 /* Headers */,
				8EBD09992958EA1700767901 /* Sources */,
				8EBD099A2958EA1700767901 /* Frameworks */,
				8EBD099B2958EA1700767901 /* Resources */,
			);
			buildRules = (
			);
			dependencies = (
			);
			name = RickAndMortyFeed;
			productName = RickAndMortyFeed;
			productReference = 8EBD099D2958EA1700767901 /* RickAndMortyFeed.framework */;
			productType = "com.apple.product-type.framework";
		};
		8EBD09A62958EA1700767901 /* RickAndMortyFeedTests */ = {
			isa = PBXNativeTarget;
			buildConfigurationList = 8EBD09B42958EA1700767901 /* Build configuration list for PBXNativeTarget "RickAndMortyFeedTests" */;
			buildPhases = (
				8EBD09A32958EA1700767901 /* Sources */,
				8EBD09A42958EA1700767901 /* Frameworks */,
				8EBD09A52958EA1700767901 /* Resources */,
			);
			buildRules = (
			);
			dependencies = (
				8EBD09AA2958EA1700767901 /* PBXTargetDependency */,
			);
			name = RickAndMortyFeedTests;
			productName = RickAndMortyFeedTests;
			productReference = 8EBD09A72958EA1700767901 /* RickAndMortyFeedTests.xctest */;
			productType = "com.apple.product-type.bundle.unit-test";
		};
/* End PBXNativeTarget section */

/* Begin PBXProject section */
		8EBD09942958EA1700767901 /* Project object */ = {
			isa = PBXProject;
			attributes = {
				BuildIndependentTargetsInParallel = 1;
				LastSwiftUpdateCheck = 1410;
				LastUpgradeCheck = 1410;
				TargetAttributes = {
					8E3C3703295A38D900EA6ADC = {
						CreatedOnToolsVersion = 14.1;
					};
					8EBD099C2958EA1700767901 = {
						CreatedOnToolsVersion = 14.1;
						LastSwiftMigration = 1410;
					};
					8EBD09A62958EA1700767901 = {
						CreatedOnToolsVersion = 14.1;
					};
				};
			};
			buildConfigurationList = 8EBD09972958EA1700767901 /* Build configuration list for PBXProject "RickAndMortyFeed" */;
			compatibilityVersion = "Xcode 14.0";
			developmentRegion = en;
			hasScannedForEncodings = 0;
			knownRegions = (
				en,
				Base,
				fil,
			);
			mainGroup = 8EBD09932958EA1700767901;
			productRefGroup = 8EBD099E2958EA1700767901 /* Products */;
			projectDirPath = "";
			projectRoot = "";
			targets = (
				8EBD099C2958EA1700767901 /* RickAndMortyFeed */,
				8EBD09A62958EA1700767901 /* RickAndMortyFeedTests */,
				8E3C3703295A38D900EA6ADC /* RickAndMortyiOSTests */,
			);
		};
/* End PBXProject section */

/* Begin PBXResourcesBuildPhase section */
		8E3C3702295A38D900EA6ADC /* Resources */ = {
			isa = PBXResourcesBuildPhase;
			buildActionMask = 2147483647;
			files = (
			);
			runOnlyForDeploymentPostprocessing = 0;
		};
		8EBD099B2958EA1700767901 /* Resources */ = {
			isa = PBXResourcesBuildPhase;
			buildActionMask = 2147483647;
			files = (
				8E3C36FE295A374100EA6ADC /* Feed.storyboard in Resources */,
				8E3C371E295A6E2C00EA6ADC /* Shared.strings in Resources */,
			);
			runOnlyForDeploymentPostprocessing = 0;
		};
		8EBD09A52958EA1700767901 /* Resources */ = {
			isa = PBXResourcesBuildPhase;
			buildActionMask = 2147483647;
			files = (
			);
			runOnlyForDeploymentPostprocessing = 0;
		};
/* End PBXResourcesBuildPhase section */

/* Begin PBXSourcesBuildPhase section */
		8E3C3700295A38D900EA6ADC /* Sources */ = {
			isa = PBXSourcesBuildPhase;
			buildActionMask = 2147483647;
			files = (
				8E3C3707295A38D900EA6ADC /* RickAndMortyiOSTests.swift in Sources */,
			);
			runOnlyForDeploymentPostprocessing = 0;
		};
		8EBD09992958EA1700767901 /* Sources */ = {
			isa = PBXSourcesBuildPhase;
			buildActionMask = 2147483647;
			files = (
				8E3C371C295A6E0900EA6ADC /* LoadResourcePresenter.swift in Sources */,
				8EBD09D3295903A100767901 /* CoreDataFeedCharacterStore.swift in Sources */,
				8EBD09C52958FE0F00767901 /* FeedEndpoint.swift in Sources */,
				8E3C36CC2959E1C200EA6ADC /* HTTPClient.swift in Sources */,
				8EBD09D9295906F000767901 /* ManagedFeedCharacter.swift in Sources */,
				8EBD09C32958FCA000767901 /* FeedCharactersMapper.swift in Sources */,
				8EBD09D02959011600767901 /* FeedCharacterStore.xcdatamodeld in Sources */,
				8EBD09DB295910BB00767901 /* FeedStore.swift in Sources */,
				8E3C36D0295A1A3C00EA6ADC /* URLSessionHTTPClient.swift in Sources */,
				8E3C3714295A5EED00EA6ADC /* FeedViewController.swift in Sources */,
				8E3C3712295A44ED00EA6ADC /* FeedCharacterCell.swift in Sources */,
				8EBD09DF295915F800767901 /* CoreDataFeedCharacterStore+FeedStore.swift in Sources */,
				8E3C3723295A6E6400EA6ADC /* ResourceLoadingView.swift in Sources */,
				8EBD09D52959044F00767901 /* CoreDataHelpers.swift in Sources */,
				8EBD09CA2958FFFB00767901 /* HTTPURLResponse+StatusCode.swift in Sources */,
				8E3C3725295A6E8300EA6ADC /* ResourceErrorView.swift in Sources */,
				8EBD09D72959068000767901 /* ManagedCache.swift in Sources */,
				8E3C3716295A65B000EA6ADC /* CharacterCellController.swift in Sources */,
				8EBD09C12958FC1900767901 /* FeedCharacter.swift in Sources */,
				8EBD09DD295910DC00767901 /* LocalFeedCharacter.swift in Sources */,
			);
			runOnlyForDeploymentPostprocessing = 0;
		};
		8EBD09A32958EA1700767901 /* Sources */ = {
			isa = PBXSourcesBuildPhase;
			buildActionMask = 2147483647;
			files = (
				8E3C36C92959D95900EA6ADC /* FeedCacheTestHelpers.swift in Sources */,
				8EBD09C72958FE6A00767901 /* FeedEndpointTests.swift in Sources */,
				8EBD09BA2958F0AE00767901 /* SharedTestHelpers.swift in Sources */,
				8E3C36BF2959C9CF00EA6ADC /* CoreDataFeedCharacterTests.swift in Sources */,
				8E3C36D6295A1FD000EA6ADC /* URLProtocolStub.swift in Sources */,
				8EBD09AD2958EA1700767901 /* FeedCharactersMapperTests.swift in Sources */,
				8E3C36C52959D60600EA6ADC /* FeedStoreSpecs.swift in Sources */,
				8E3C36D8295A243300EA6ADC /* URLSessionHTTPClientTests.swift in Sources */,
				8E3C36C72959D66000EA6ADC /* XCTestCase+FeedStoreSpecs.swift in Sources */,
				8E3C36C22959D11F00EA6ADC /* XCTestCase+MemoryLeakTracking.swift in Sources */,
			);
			runOnlyForDeploymentPostprocessing = 0;
		};
/* End PBXSourcesBuildPhase section */

/* Begin PBXTargetDependency section */
		8E3C370A295A38D900EA6ADC /* PBXTargetDependency */ = {
			isa = PBXTargetDependency;
			target = 8EBD099C2958EA1700767901 /* RickAndMortyFeed */;
			targetProxy = 8E3C3709295A38D900EA6ADC /* PBXContainerItemProxy */;
		};
		8EBD09AA2958EA1700767901 /* PBXTargetDependency */ = {
			isa = PBXTargetDependency;
			target = 8EBD099C2958EA1700767901 /* RickAndMortyFeed */;
			targetProxy = 8EBD09A92958EA1700767901 /* PBXContainerItemProxy */;
		};
/* End PBXTargetDependency section */

/* Begin PBXVariantGroup section */
		8E3C3720295A6E2C00EA6ADC /* Shared.strings */ = {
			isa = PBXVariantGroup;
			children = (
				8E3C371F295A6E2C00EA6ADC /* en */,
				8E3C3721295A6E2F00EA6ADC /* fil */,
			);
			name = Shared.strings;
			sourceTree = "<group>";
		};
/* End PBXVariantGroup section */

/* Begin XCBuildConfiguration section */
		8E3C370C295A38D900EA6ADC /* Debug */ = {
			isa = XCBuildConfiguration;
			buildSettings = {
				CODE_SIGN_STYLE = Automatic;
				CURRENT_PROJECT_VERSION = 1;
				GENERATE_INFOPLIST_FILE = YES;
				IPHONEOS_DEPLOYMENT_TARGET = 16.1;
				MARKETING_VERSION = 1.0;
				PRODUCT_BUNDLE_IDENTIFIER = com.test.RickAndMortyiOSTests;
				PRODUCT_NAME = "$(TARGET_NAME)";
				SWIFT_EMIT_LOC_STRINGS = NO;
				SWIFT_VERSION = 5.0;
				TARGETED_DEVICE_FAMILY = "1,2";
			};
			name = Debug;
		};
		8E3C370D295A38D900EA6ADC /* Release */ = {
			isa = XCBuildConfiguration;
			buildSettings = {
				CODE_SIGN_STYLE = Automatic;
				CURRENT_PROJECT_VERSION = 1;
				GENERATE_INFOPLIST_FILE = YES;
				IPHONEOS_DEPLOYMENT_TARGET = 16.1;
				MARKETING_VERSION = 1.0;
				PRODUCT_BUNDLE_IDENTIFIER = com.test.RickAndMortyiOSTests;
				PRODUCT_NAME = "$(TARGET_NAME)";
				SWIFT_EMIT_LOC_STRINGS = NO;
				SWIFT_VERSION = 5.0;
				TARGETED_DEVICE_FAMILY = "1,2";
			};
			name = Release;
		};
		8EBD09AF2958EA1700767901 /* Debug */ = {
			isa = XCBuildConfiguration;
			buildSettings = {
				ALWAYS_SEARCH_USER_PATHS = NO;
				CLANG_ANALYZER_NONNULL = YES;
				CLANG_ANALYZER_NUMBER_OBJECT_CONVERSION = YES_AGGRESSIVE;
				CLANG_CXX_LANGUAGE_STANDARD = "gnu++20";
				CLANG_ENABLE_MODULES = YES;
				CLANG_ENABLE_OBJC_ARC = YES;
				CLANG_ENABLE_OBJC_WEAK = YES;
				CLANG_WARN_BLOCK_CAPTURE_AUTORELEASING = YES;
				CLANG_WARN_BOOL_CONVERSION = YES;
				CLANG_WARN_COMMA = YES;
				CLANG_WARN_CONSTANT_CONVERSION = YES;
				CLANG_WARN_DEPRECATED_OBJC_IMPLEMENTATIONS = YES;
				CLANG_WARN_DIRECT_OBJC_ISA_USAGE = YES_ERROR;
				CLANG_WARN_DOCUMENTATION_COMMENTS = YES;
				CLANG_WARN_EMPTY_BODY = YES;
				CLANG_WARN_ENUM_CONVERSION = YES;
				CLANG_WARN_INFINITE_RECURSION = YES;
				CLANG_WARN_INT_CONVERSION = YES;
				CLANG_WARN_NON_LITERAL_NULL_CONVERSION = YES;
				CLANG_WARN_OBJC_IMPLICIT_RETAIN_SELF = YES;
				CLANG_WARN_OBJC_LITERAL_CONVERSION = YES;
				CLANG_WARN_OBJC_ROOT_CLASS = YES_ERROR;
				CLANG_WARN_QUOTED_INCLUDE_IN_FRAMEWORK_HEADER = YES;
				CLANG_WARN_RANGE_LOOP_ANALYSIS = YES;
				CLANG_WARN_STRICT_PROTOTYPES = YES;
				CLANG_WARN_SUSPICIOUS_MOVE = YES;
				CLANG_WARN_UNGUARDED_AVAILABILITY = YES_AGGRESSIVE;
				CLANG_WARN_UNREACHABLE_CODE = YES;
				CLANG_WARN__DUPLICATE_METHOD_MATCH = YES;
				COPY_PHASE_STRIP = NO;
				CURRENT_PROJECT_VERSION = 1;
				DEBUG_INFORMATION_FORMAT = dwarf;
				ENABLE_STRICT_OBJC_MSGSEND = YES;
				ENABLE_TESTABILITY = YES;
				GCC_C_LANGUAGE_STANDARD = gnu11;
				GCC_DYNAMIC_NO_PIC = NO;
				GCC_NO_COMMON_BLOCKS = YES;
				GCC_OPTIMIZATION_LEVEL = 0;
				GCC_PREPROCESSOR_DEFINITIONS = (
					"DEBUG=1",
					"$(inherited)",
				);
				GCC_WARN_64_TO_32_BIT_CONVERSION = YES;
				GCC_WARN_ABOUT_RETURN_TYPE = YES_ERROR;
				GCC_WARN_UNDECLARED_SELECTOR = YES;
				GCC_WARN_UNINITIALIZED_AUTOS = YES_AGGRESSIVE;
				GCC_WARN_UNUSED_FUNCTION = YES;
				GCC_WARN_UNUSED_VARIABLE = YES;
				IPHONEOS_DEPLOYMENT_TARGET = 13.0;
				MTL_ENABLE_DEBUG_INFO = INCLUDE_SOURCE;
				MTL_FAST_MATH = YES;
				ONLY_ACTIVE_ARCH = YES;
				SDKROOT = iphoneos;
				SWIFT_ACTIVE_COMPILATION_CONDITIONS = DEBUG;
				SWIFT_OPTIMIZATION_LEVEL = "-Onone";
				VERSIONING_SYSTEM = "apple-generic";
				VERSION_INFO_PREFIX = "";
			};
			name = Debug;
		};
		8EBD09B02958EA1700767901 /* Release */ = {
			isa = XCBuildConfiguration;
			buildSettings = {
				ALWAYS_SEARCH_USER_PATHS = NO;
				CLANG_ANALYZER_NONNULL = YES;
				CLANG_ANALYZER_NUMBER_OBJECT_CONVERSION = YES_AGGRESSIVE;
				CLANG_CXX_LANGUAGE_STANDARD = "gnu++20";
				CLANG_ENABLE_MODULES = YES;
				CLANG_ENABLE_OBJC_ARC = YES;
				CLANG_ENABLE_OBJC_WEAK = YES;
				CLANG_WARN_BLOCK_CAPTURE_AUTORELEASING = YES;
				CLANG_WARN_BOOL_CONVERSION = YES;
				CLANG_WARN_COMMA = YES;
				CLANG_WARN_CONSTANT_CONVERSION = YES;
				CLANG_WARN_DEPRECATED_OBJC_IMPLEMENTATIONS = YES;
				CLANG_WARN_DIRECT_OBJC_ISA_USAGE = YES_ERROR;
				CLANG_WARN_DOCUMENTATION_COMMENTS = YES;
				CLANG_WARN_EMPTY_BODY = YES;
				CLANG_WARN_ENUM_CONVERSION = YES;
				CLANG_WARN_INFINITE_RECURSION = YES;
				CLANG_WARN_INT_CONVERSION = YES;
				CLANG_WARN_NON_LITERAL_NULL_CONVERSION = YES;
				CLANG_WARN_OBJC_IMPLICIT_RETAIN_SELF = YES;
				CLANG_WARN_OBJC_LITERAL_CONVERSION = YES;
				CLANG_WARN_OBJC_ROOT_CLASS = YES_ERROR;
				CLANG_WARN_QUOTED_INCLUDE_IN_FRAMEWORK_HEADER = YES;
				CLANG_WARN_RANGE_LOOP_ANALYSIS = YES;
				CLANG_WARN_STRICT_PROTOTYPES = YES;
				CLANG_WARN_SUSPICIOUS_MOVE = YES;
				CLANG_WARN_UNGUARDED_AVAILABILITY = YES_AGGRESSIVE;
				CLANG_WARN_UNREACHABLE_CODE = YES;
				CLANG_WARN__DUPLICATE_METHOD_MATCH = YES;
				COPY_PHASE_STRIP = NO;
				CURRENT_PROJECT_VERSION = 1;
				DEBUG_INFORMATION_FORMAT = "dwarf-with-dsym";
				ENABLE_NS_ASSERTIONS = NO;
				ENABLE_STRICT_OBJC_MSGSEND = YES;
				GCC_C_LANGUAGE_STANDARD = gnu11;
				GCC_NO_COMMON_BLOCKS = YES;
				GCC_WARN_64_TO_32_BIT_CONVERSION = YES;
				GCC_WARN_ABOUT_RETURN_TYPE = YES_ERROR;
				GCC_WARN_UNDECLARED_SELECTOR = YES;
				GCC_WARN_UNINITIALIZED_AUTOS = YES_AGGRESSIVE;
				GCC_WARN_UNUSED_FUNCTION = YES;
				GCC_WARN_UNUSED_VARIABLE = YES;
				IPHONEOS_DEPLOYMENT_TARGET = 13.0;
				MTL_ENABLE_DEBUG_INFO = NO;
				MTL_FAST_MATH = YES;
				SDKROOT = iphoneos;
				SWIFT_COMPILATION_MODE = wholemodule;
				SWIFT_OPTIMIZATION_LEVEL = "-O";
				VALIDATE_PRODUCT = YES;
				VERSIONING_SYSTEM = "apple-generic";
				VERSION_INFO_PREFIX = "";
			};
			name = Release;
		};
		8EBD09B22958EA1700767901 /* Debug */ = {
			isa = XCBuildConfiguration;
			buildSettings = {
				CLANG_ENABLE_MODULES = YES;
				CODE_SIGN_STYLE = Automatic;
				CURRENT_PROJECT_VERSION = 1;
				DEFINES_MODULE = YES;
				DYLIB_COMPATIBILITY_VERSION = 1;
				DYLIB_CURRENT_VERSION = 1;
				DYLIB_INSTALL_NAME_BASE = "@rpath";
				GENERATE_INFOPLIST_FILE = YES;
				INFOPLIST_KEY_NSHumanReadableCopyright = "";
				INSTALL_PATH = "$(LOCAL_LIBRARY_DIR)/Frameworks";
				IPHONEOS_DEPLOYMENT_TARGET = 13.0;
				LD_RUNPATH_SEARCH_PATHS = (
					"$(inherited)",
					"@executable_path/Frameworks",
					"@loader_path/Frameworks",
				);
				MARKETING_VERSION = 1.0;
				PRODUCT_BUNDLE_IDENTIFIER = com.test.RickAndMortyFeed;
				PRODUCT_NAME = "$(TARGET_NAME:c99extidentifier)";
				SKIP_INSTALL = YES;
				SWIFT_EMIT_LOC_STRINGS = YES;
				SWIFT_OPTIMIZATION_LEVEL = "-Onone";
				SWIFT_VERSION = 5.0;
				TARGETED_DEVICE_FAMILY = "1,2";
			};
			name = Debug;
		};
		8EBD09B32958EA1700767901 /* Release */ = {
			isa = XCBuildConfiguration;
			buildSettings = {
				CLANG_ENABLE_MODULES = YES;
				CODE_SIGN_STYLE = Automatic;
				CURRENT_PROJECT_VERSION = 1;
				DEFINES_MODULE = YES;
				DYLIB_COMPATIBILITY_VERSION = 1;
				DYLIB_CURRENT_VERSION = 1;
				DYLIB_INSTALL_NAME_BASE = "@rpath";
				GENERATE_INFOPLIST_FILE = YES;
				INFOPLIST_KEY_NSHumanReadableCopyright = "";
				INSTALL_PATH = "$(LOCAL_LIBRARY_DIR)/Frameworks";
				IPHONEOS_DEPLOYMENT_TARGET = 13.0;
				LD_RUNPATH_SEARCH_PATHS = (
					"$(inherited)",
					"@executable_path/Frameworks",
					"@loader_path/Frameworks",
				);
				MARKETING_VERSION = 1.0;
				PRODUCT_BUNDLE_IDENTIFIER = com.test.RickAndMortyFeed;
				PRODUCT_NAME = "$(TARGET_NAME:c99extidentifier)";
				SKIP_INSTALL = YES;
				SWIFT_EMIT_LOC_STRINGS = YES;
				SWIFT_VERSION = 5.0;
				TARGETED_DEVICE_FAMILY = "1,2";
			};
			name = Release;
		};
		8EBD09B52958EA1700767901 /* Debug */ = {
			isa = XCBuildConfiguration;
			buildSettings = {
				ALWAYS_EMBED_SWIFT_STANDARD_LIBRARIES = YES;
				CODE_SIGN_STYLE = Automatic;
				CURRENT_PROJECT_VERSION = 1;
				GENERATE_INFOPLIST_FILE = YES;
				MARKETING_VERSION = 1.0;
				PRODUCT_BUNDLE_IDENTIFIER = com.test.RickAndMortyFeedTests;
				PRODUCT_NAME = "$(TARGET_NAME)";
				SWIFT_EMIT_LOC_STRINGS = NO;
				SWIFT_VERSION = 5.0;
				TARGETED_DEVICE_FAMILY = "1,2";
			};
			name = Debug;
		};
		8EBD09B62958EA1700767901 /* Release */ = {
			isa = XCBuildConfiguration;
			buildSettings = {
				ALWAYS_EMBED_SWIFT_STANDARD_LIBRARIES = YES;
				CODE_SIGN_STYLE = Automatic;
				CURRENT_PROJECT_VERSION = 1;
				GENERATE_INFOPLIST_FILE = YES;
				MARKETING_VERSION = 1.0;
				PRODUCT_BUNDLE_IDENTIFIER = com.test.RickAndMortyFeedTests;
				PRODUCT_NAME = "$(TARGET_NAME)";
				SWIFT_EMIT_LOC_STRINGS = NO;
				SWIFT_VERSION = 5.0;
				TARGETED_DEVICE_FAMILY = "1,2";
			};
			name = Release;
		};
/* End XCBuildConfiguration section */

/* Begin XCConfigurationList section */
		8E3C370B295A38D900EA6ADC /* Build configuration list for PBXNativeTarget "RickAndMortyiOSTests" */ = {
			isa = XCConfigurationList;
			buildConfigurations = (
				8E3C370C295A38D900EA6ADC /* Debug */,
				8E3C370D295A38D900EA6ADC /* Release */,
			);
			defaultConfigurationIsVisible = 0;
			defaultConfigurationName = Release;
		};
		8EBD09972958EA1700767901 /* Build configuration list for PBXProject "RickAndMortyFeed" */ = {
			isa = XCConfigurationList;
			buildConfigurations = (
				8EBD09AF2958EA1700767901 /* Debug */,
				8EBD09B02958EA1700767901 /* Release */,
			);
			defaultConfigurationIsVisible = 0;
			defaultConfigurationName = Release;
		};
		8EBD09B12958EA1700767901 /* Build configuration list for PBXNativeTarget "RickAndMortyFeed" */ = {
			isa = XCConfigurationList;
			buildConfigurations = (
				8EBD09B22958EA1700767901 /* Debug */,
				8EBD09B32958EA1700767901 /* Release */,
			);
			defaultConfigurationIsVisible = 0;
			defaultConfigurationName = Release;
		};
		8EBD09B42958EA1700767901 /* Build configuration list for PBXNativeTarget "RickAndMortyFeedTests" */ = {
			isa = XCConfigurationList;
			buildConfigurations = (
				8EBD09B52958EA1700767901 /* Debug */,
				8EBD09B62958EA1700767901 /* Release */,
			);
			defaultConfigurationIsVisible = 0;
			defaultConfigurationName = Release;
		};
/* End XCConfigurationList section */

/* Begin XCVersionGroup section */
		8EBD09CE2959011600767901 /* FeedCharacterStore.xcdatamodeld */ = {
			isa = XCVersionGroup;
			children = (
				8EBD09CF2959011600767901 /* FeedCharacterStore.xcdatamodel */,
			);
			currentVersion = 8EBD09CF2959011600767901 /* FeedCharacterStore.xcdatamodel */;
			path = FeedCharacterStore.xcdatamodeld;
			sourceTree = "<group>";
			versionGroupType = wrapper.xcdatamodel;
		};
/* End XCVersionGroup section */
	};
	rootObject = 8EBD09942958EA1700767901 /* Project object */;
}
